// !$*UTF8*$!
{
	archiveVersion = 1;
	classes = {
	};
	objectVersion = 51;
	objects = {

/* Begin PBXBuildFile section */
		0C74004428577B1C00A23649 /* AppDelegate.swift in Sources */ = {isa = PBXBuildFile; fileRef = 0C74004328577B1C00A23649 /* AppDelegate.swift */; };
		0C74004628577B1C00A23649 /* SceneDelegate.swift in Sources */ = {isa = PBXBuildFile; fileRef = 0C74004528577B1C00A23649 /* SceneDelegate.swift */; };
		0C74004828577B1C00A23649 /* ViewController.swift in Sources */ = {isa = PBXBuildFile; fileRef = 0C74004728577B1C00A23649 /* ViewController.swift */; };
		0C74004B28577B1D00A23649 /* Main.storyboard in Resources */ = {isa = PBXBuildFile; fileRef = 0C74004928577B1D00A23649 /* Main.storyboard */; };
		0C74004D28577B2300A23649 /* Assets.xcassets in Resources */ = {isa = PBXBuildFile; fileRef = 0C74004C28577B2300A23649 /* Assets.xcassets */; };
		0C74005028577B2300A23649 /* LaunchScreen.storyboard in Resources */ = {isa = PBXBuildFile; fileRef = 0C74004E28577B2300A23649 /* LaunchScreen.storyboard */; };
		0C74005B28577B5600A23649 /* ViewModel.swift in Sources */ = {isa = PBXBuildFile; fileRef = 0C74005A28577B5600A23649 /* ViewModel.swift */; };
		0C74005E285790B000A23649 /* TextField.swift in Sources */ = {isa = PBXBuildFile; fileRef = 0C74005D285790B000A23649 /* TextField.swift */; };
		0C74006428579D4000A23649 /* RegisterScreen.storyboard in Resources */ = {isa = PBXBuildFile; fileRef = 0C74006328579D4000A23649 /* RegisterScreen.storyboard */; };
		0C74006828579E8600A23649 /* RegisterScreenViewController.swift in Sources */ = {isa = PBXBuildFile; fileRef = 0C74006728579E8600A23649 /* RegisterScreenViewController.swift */; };
		0C74006D2857B04400A23649 /* ForgotPasswordScreen.storyboard in Resources */ = {isa = PBXBuildFile; fileRef = 0C74006C2857B04400A23649 /* ForgotPasswordScreen.storyboard */; };
		0C74006F2857B0F500A23649 /* ForgotPasswordViewController.swift in Sources */ = {isa = PBXBuildFile; fileRef = 0C74006E2857B0F500A23649 /* ForgotPasswordViewController.swift */; };
		0C7400772857B46600A23649 /* HomeScreen.storyboard in Resources */ = {isa = PBXBuildFile; fileRef = 0C7400762857B46600A23649 /* HomeScreen.storyboard */; };
		0C74007D2857B50000A23649 /* SearchScreen.storyboard in Resources */ = {isa = PBXBuildFile; fileRef = 0C74007C2857B50000A23649 /* SearchScreen.storyboard */; };
		0C7400822857C29700A23649 /* FavoriteScreen.storyboard in Resources */ = {isa = PBXBuildFile; fileRef = 0C7400812857C29600A23649 /* FavoriteScreen.storyboard */; };
		0C7400842857C8D400A23649 /* HomeScreenViewController.swift in Sources */ = {isa = PBXBuildFile; fileRef = 0C7400832857C8D400A23649 /* HomeScreenViewController.swift */; };
		0C7400862857C91400A23649 /* CustomTabBar.swift in Sources */ = {isa = PBXBuildFile; fileRef = 0C7400852857C91400A23649 /* CustomTabBar.swift */; };
		0C822826285904F9001B8360 /* HistoryService.swift in Sources */ = {isa = PBXBuildFile; fileRef = 0C822825285904F9001B8360 /* HistoryService.swift */; };
		57125B8C5849DF19AB74DE0C /* Pods_ProjetoFilmes.framework in Frameworks */ = {isa = PBXBuildFile; fileRef = 4FDCC54EFD08BA242B74A3A2 /* Pods_ProjetoFilmes.framework */; };
		DABB48D02857FE89002CEB7A /* HomeScreenTableViewCell.swift in Sources */ = {isa = PBXBuildFile; fileRef = DABB48CE2857FE89002CEB7A /* HomeScreenTableViewCell.swift */; };
		DABB48D12857FE89002CEB7A /* HomeScreenTableViewCell.xib in Resources */ = {isa = PBXBuildFile; fileRef = DABB48CF2857FE89002CEB7A /* HomeScreenTableViewCell.xib */; };
		DABB48D42857FFF5002CEB7A /* HomeScreenViewModel.swift in Sources */ = {isa = PBXBuildFile; fileRef = DABB48D32857FFF5002CEB7A /* HomeScreenViewModel.swift */; };
		DABB48D7285801AF002CEB7A /* Items.swift in Sources */ = {isa = PBXBuildFile; fileRef = DABB48D6285801AF002CEB7A /* Items.swift */; };
		DABB48DC28581D5D002CEB7A /* LaunchScreenViewController.swift in Sources */ = {isa = PBXBuildFile; fileRef = DABB48DB28581D5D002CEB7A /* LaunchScreenViewController.swift */; };
		DABB48DF28582731002CEB7A /* History.swift in Sources */ = {isa = PBXBuildFile; fileRef = DABB48DE28582731002CEB7A /* History.swift */; };
/* End PBXBuildFile section */

/* Begin PBXFileReference section */
		0C74004028577B1C00A23649 /* ProjetoFilmes.app */ = {isa = PBXFileReference; explicitFileType = wrapper.application; includeInIndex = 0; path = ProjetoFilmes.app; sourceTree = BUILT_PRODUCTS_DIR; };
		0C74004328577B1C00A23649 /* AppDelegate.swift */ = {isa = PBXFileReference; lastKnownFileType = sourcecode.swift; path = AppDelegate.swift; sourceTree = "<group>"; };
		0C74004528577B1C00A23649 /* SceneDelegate.swift */ = {isa = PBXFileReference; lastKnownFileType = sourcecode.swift; path = SceneDelegate.swift; sourceTree = "<group>"; };
		0C74004728577B1C00A23649 /* ViewController.swift */ = {isa = PBXFileReference; lastKnownFileType = sourcecode.swift; path = ViewController.swift; sourceTree = "<group>"; };
		0C74004A28577B1D00A23649 /* Base */ = {isa = PBXFileReference; lastKnownFileType = file.storyboard; name = Base; path = Base.lproj/Main.storyboard; sourceTree = "<group>"; };
		0C74004C28577B2300A23649 /* Assets.xcassets */ = {isa = PBXFileReference; lastKnownFileType = folder.assetcatalog; path = Assets.xcassets; sourceTree = "<group>"; };
		0C74004F28577B2300A23649 /* Base */ = {isa = PBXFileReference; lastKnownFileType = file.storyboard; name = Base; path = Base.lproj/LaunchScreen.storyboard; sourceTree = "<group>"; };
		0C74005128577B2300A23649 /* Info.plist */ = {isa = PBXFileReference; lastKnownFileType = text.plist.xml; path = Info.plist; sourceTree = "<group>"; };
		0C74005A28577B5600A23649 /* ViewModel.swift */ = {isa = PBXFileReference; lastKnownFileType = sourcecode.swift; path = ViewModel.swift; sourceTree = "<group>"; };
		0C74005D285790B000A23649 /* TextField.swift */ = {isa = PBXFileReference; lastKnownFileType = sourcecode.swift; path = TextField.swift; sourceTree = "<group>"; };
		0C74006328579D4000A23649 /* RegisterScreen.storyboard */ = {isa = PBXFileReference; lastKnownFileType = file.storyboard; path = RegisterScreen.storyboard; sourceTree = "<group>"; };
		0C74006728579E8600A23649 /* RegisterScreenViewController.swift */ = {isa = PBXFileReference; lastKnownFileType = sourcecode.swift; path = RegisterScreenViewController.swift; sourceTree = "<group>"; };
		0C74006C2857B04400A23649 /* ForgotPasswordScreen.storyboard */ = {isa = PBXFileReference; lastKnownFileType = file.storyboard; path = ForgotPasswordScreen.storyboard; sourceTree = "<group>"; };
		0C74006E2857B0F500A23649 /* ForgotPasswordViewController.swift */ = {isa = PBXFileReference; lastKnownFileType = sourcecode.swift; path = ForgotPasswordViewController.swift; sourceTree = "<group>"; };
		0C7400762857B46600A23649 /* HomeScreen.storyboard */ = {isa = PBXFileReference; lastKnownFileType = file.storyboard; path = HomeScreen.storyboard; sourceTree = "<group>"; };
		0C74007C2857B50000A23649 /* SearchScreen.storyboard */ = {isa = PBXFileReference; lastKnownFileType = file.storyboard; path = SearchScreen.storyboard; sourceTree = "<group>"; };
		0C7400812857C29600A23649 /* FavoriteScreen.storyboard */ = {isa = PBXFileReference; lastKnownFileType = file.storyboard; path = FavoriteScreen.storyboard; sourceTree = "<group>"; };
		0C7400832857C8D400A23649 /* HomeScreenViewController.swift */ = {isa = PBXFileReference; lastKnownFileType = sourcecode.swift; path = HomeScreenViewController.swift; sourceTree = "<group>"; };
		0C7400852857C91400A23649 /* CustomTabBar.swift */ = {isa = PBXFileReference; lastKnownFileType = sourcecode.swift; path = CustomTabBar.swift; sourceTree = "<group>"; };
		0C822825285904F9001B8360 /* HistoryService.swift */ = {isa = PBXFileReference; lastKnownFileType = sourcecode.swift; path = HistoryService.swift; sourceTree = "<group>"; };
		4FDCC54EFD08BA242B74A3A2 /* Pods_ProjetoFilmes.framework */ = {isa = PBXFileReference; explicitFileType = wrapper.framework; includeInIndex = 0; path = Pods_ProjetoFilmes.framework; sourceTree = BUILT_PRODUCTS_DIR; };
		61895FC58AE9048A9D84045F /* Pods-ProjetoFilmes.debug.xcconfig */ = {isa = PBXFileReference; includeInIndex = 1; lastKnownFileType = text.xcconfig; name = "Pods-ProjetoFilmes.debug.xcconfig"; path = "Target Support Files/Pods-ProjetoFilmes/Pods-ProjetoFilmes.debug.xcconfig"; sourceTree = "<group>"; };
		683B34B39E8EA7BDF883DB41 /* Pods-ProjetoFilmes.release.xcconfig */ = {isa = PBXFileReference; includeInIndex = 1; lastKnownFileType = text.xcconfig; name = "Pods-ProjetoFilmes.release.xcconfig"; path = "Target Support Files/Pods-ProjetoFilmes/Pods-ProjetoFilmes.release.xcconfig"; sourceTree = "<group>"; };
		DABB48CE2857FE89002CEB7A /* HomeScreenTableViewCell.swift */ = {isa = PBXFileReference; lastKnownFileType = sourcecode.swift; path = HomeScreenTableViewCell.swift; sourceTree = "<group>"; };
		DABB48CF2857FE89002CEB7A /* HomeScreenTableViewCell.xib */ = {isa = PBXFileReference; lastKnownFileType = file.xib; path = HomeScreenTableViewCell.xib; sourceTree = "<group>"; };
		DABB48D32857FFF5002CEB7A /* HomeScreenViewModel.swift */ = {isa = PBXFileReference; lastKnownFileType = sourcecode.swift; path = HomeScreenViewModel.swift; sourceTree = "<group>"; };
		DABB48D6285801AF002CEB7A /* Items.swift */ = {isa = PBXFileReference; lastKnownFileType = sourcecode.swift; path = Items.swift; sourceTree = "<group>"; };
		DABB48DB28581D5D002CEB7A /* LaunchScreenViewController.swift */ = {isa = PBXFileReference; lastKnownFileType = sourcecode.swift; path = LaunchScreenViewController.swift; sourceTree = "<group>"; };
		DABB48DE28582731002CEB7A /* History.swift */ = {isa = PBXFileReference; lastKnownFileType = sourcecode.swift; path = History.swift; sourceTree = "<group>"; };
/* End PBXFileReference section */

/* Begin PBXFrameworksBuildPhase section */
		0C74003D28577B1C00A23649 /* Frameworks */ = {
			isa = PBXFrameworksBuildPhase;
			buildActionMask = 2147483647;
			files = (
				57125B8C5849DF19AB74DE0C /* Pods_ProjetoFilmes.framework in Frameworks */,
			);
			runOnlyForDeploymentPostprocessing = 0;
		};
/* End PBXFrameworksBuildPhase section */

/* Begin PBXGroup section */
		0C74003728577B1C00A23649 = {
			isa = PBXGroup;
			children = (
				0C74004228577B1C00A23649 /* ProjetoFilmes */,
				0C74004128577B1C00A23649 /* Products */,
				680BB5B11053EB542F296853 /* Pods */,
				73A54A4F802ADC49A74E645A /* Frameworks */,
			);
			sourceTree = "<group>";
		};
		0C74004128577B1C00A23649 /* Products */ = {
			isa = PBXGroup;
			children = (
				0C74004028577B1C00A23649 /* ProjetoFilmes.app */,
			);
			name = Products;
			sourceTree = "<group>";
		};
		0C74004228577B1C00A23649 /* ProjetoFilmes */ = {
			isa = PBXGroup;
			children = (
				DABB48DD28582723002CEB7A /* Model */,
				DABB48D8285815AA002CEB7A /* Network */,
				0C74005C2857908B00A23649 /* Extensions */,
				0C74007E2857C26400A23649 /* FavoriteScreen */,
				0C7400782857B4DB00A23649 /* SearchScreen */,
				0C7400702857B41A00A23649 /* HomeScreen */,
				0C7400692857B01300A23649 /* ForgotPasswordScreen */,
				0C74006028579D0400A23649 /* RegisterScreen */,
				0C74005F28579CEB00A23649 /* LoginScreen */,
				0C74004328577B1C00A23649 /* AppDelegate.swift */,
				0C74004528577B1C00A23649 /* SceneDelegate.swift */,
				0C74004C28577B2300A23649 /* Assets.xcassets */,
				0C74004E28577B2300A23649 /* LaunchScreen.storyboard */,
				DABB48DB28581D5D002CEB7A /* LaunchScreenViewController.swift */,
				0C74005128577B2300A23649 /* Info.plist */,
			);
			path = ProjetoFilmes;
			sourceTree = "<group>";
		};
		0C74005728577B3700A23649 /* View */ = {
			isa = PBXGroup;
			children = (
				0C74004928577B1D00A23649 /* Main.storyboard */,
			);
			path = View;
			sourceTree = "<group>";
		};
		0C74005828577B3B00A23649 /* Controller */ = {
			isa = PBXGroup;
			children = (
				0C74004728577B1C00A23649 /* ViewController.swift */,
			);
			path = Controller;
			sourceTree = "<group>";
		};
		0C74005928577B4000A23649 /* ViewModel */ = {
			isa = PBXGroup;
			children = (
				0C74005A28577B5600A23649 /* ViewModel.swift */,
			);
			path = ViewModel;
			sourceTree = "<group>";
		};
		0C74005C2857908B00A23649 /* Extensions */ = {
			isa = PBXGroup;
			children = (
				0C74005D285790B000A23649 /* TextField.swift */,
				0C7400852857C91400A23649 /* CustomTabBar.swift */,
			);
			path = Extensions;
			sourceTree = "<group>";
		};
		0C74005F28579CEB00A23649 /* LoginScreen */ = {
			isa = PBXGroup;
			children = (
				0C74005728577B3700A23649 /* View */,
				0C74005828577B3B00A23649 /* Controller */,
				0C74005928577B4000A23649 /* ViewModel */,
			);
			path = LoginScreen;
			sourceTree = "<group>";
		};
		0C74006028579D0400A23649 /* RegisterScreen */ = {
			isa = PBXGroup;
			children = (
				0C74006628579E6E00A23649 /* Controller */,
				0C74006528579E6700A23649 /* View */,
			);
			path = RegisterScreen;
			sourceTree = "<group>";
		};
		0C74006528579E6700A23649 /* View */ = {
			isa = PBXGroup;
			children = (
				0C74006328579D4000A23649 /* RegisterScreen.storyboard */,
			);
			path = View;
			sourceTree = "<group>";
		};
		0C74006628579E6E00A23649 /* Controller */ = {
			isa = PBXGroup;
			children = (
				0C74006728579E8600A23649 /* RegisterScreenViewController.swift */,
			);
			path = Controller;
			sourceTree = "<group>";
		};
		0C7400692857B01300A23649 /* ForgotPasswordScreen */ = {
			isa = PBXGroup;
			children = (
				0C74006B2857B02A00A23649 /* Controller */,
				0C74006A2857B02600A23649 /* View */,
			);
			path = ForgotPasswordScreen;
			sourceTree = "<group>";
		};
		0C74006A2857B02600A23649 /* View */ = {
			isa = PBXGroup;
			children = (
				0C74006C2857B04400A23649 /* ForgotPasswordScreen.storyboard */,
			);
			path = View;
			sourceTree = "<group>";
		};
		0C74006B2857B02A00A23649 /* Controller */ = {
			isa = PBXGroup;
			children = (
				0C74006E2857B0F500A23649 /* ForgotPasswordViewController.swift */,
			);
			path = Controller;
			sourceTree = "<group>";
		};
		0C7400702857B41A00A23649 /* HomeScreen */ = {
			isa = PBXGroup;
			children = (
				DABB48D528580189002CEB7A /* Model */,
				DABB48CD2857FE5E002CEB7A /* ViewModel */,
				0C7400722857B43700A23649 /* Controller */,
				0C7400712857B43100A23649 /* View */,
			);
			path = HomeScreen;
			sourceTree = "<group>";
		};
		0C7400712857B43100A23649 /* View */ = {
			isa = PBXGroup;
			children = (
				DABB48CC2857FE59002CEB7A /* Cell */,
				0C7400762857B46600A23649 /* HomeScreen.storyboard */,
			);
			path = View;
			sourceTree = "<group>";
		};
		0C7400722857B43700A23649 /* Controller */ = {
			isa = PBXGroup;
			children = (
				0C7400832857C8D400A23649 /* HomeScreenViewController.swift */,
			);
			path = Controller;
			sourceTree = "<group>";
		};
		0C7400782857B4DB00A23649 /* SearchScreen */ = {
			isa = PBXGroup;
			children = (
				0C74007A2857B4EC00A23649 /* Controller */,
				0C7400792857B4E700A23649 /* View */,
			);
			path = SearchScreen;
			sourceTree = "<group>";
		};
		0C7400792857B4E700A23649 /* View */ = {
			isa = PBXGroup;
			children = (
				0C74007C2857B50000A23649 /* SearchScreen.storyboard */,
			);
			path = View;
			sourceTree = "<group>";
		};
		0C74007A2857B4EC00A23649 /* Controller */ = {
			isa = PBXGroup;
			children = (
			);
			path = Controller;
			sourceTree = "<group>";
		};
		0C74007E2857C26400A23649 /* FavoriteScreen */ = {
			isa = PBXGroup;
			children = (
				0C7400802857C28300A23649 /* Controller */,
				0C74007F2857C27F00A23649 /* View */,
			);
			path = FavoriteScreen;
			sourceTree = "<group>";
		};
		0C74007F2857C27F00A23649 /* View */ = {
			isa = PBXGroup;
			children = (
				0C7400812857C29600A23649 /* FavoriteScreen.storyboard */,
			);
			path = View;
			sourceTree = "<group>";
		};
		0C7400802857C28300A23649 /* Controller */ = {
			isa = PBXGroup;
			children = (
			);
			path = Controller;
			sourceTree = "<group>";
		};
		680BB5B11053EB542F296853 /* Pods */ = {
			isa = PBXGroup;
			children = (
				61895FC58AE9048A9D84045F /* Pods-ProjetoFilmes.debug.xcconfig */,
				683B34B39E8EA7BDF883DB41 /* Pods-ProjetoFilmes.release.xcconfig */,
			);
			path = Pods;
			sourceTree = "<group>";
		};
		73A54A4F802ADC49A74E645A /* Frameworks */ = {
			isa = PBXGroup;
			children = (
				4FDCC54EFD08BA242B74A3A2 /* Pods_ProjetoFilmes.framework */,
			);
			name = Frameworks;
			sourceTree = "<group>";
		};
		DABB48CC2857FE59002CEB7A /* Cell */ = {
			isa = PBXGroup;
			children = (
				DABB48CE2857FE89002CEB7A /* HomeScreenTableViewCell.swift */,
				DABB48CF2857FE89002CEB7A /* HomeScreenTableViewCell.xib */,
			);
			path = Cell;
			sourceTree = "<group>";
		};
		DABB48CD2857FE5E002CEB7A /* ViewModel */ = {
			isa = PBXGroup;
			children = (
				DABB48D32857FFF5002CEB7A /* HomeScreenViewModel.swift */,
			);
			path = ViewModel;
			sourceTree = "<group>";
		};
		DABB48D528580189002CEB7A /* Model */ = {
			isa = PBXGroup;
			children = (
				DABB48D6285801AF002CEB7A /* Items.swift */,
			);
			path = Model;
			sourceTree = "<group>";
		};
		DABB48D8285815AA002CEB7A /* Network */ = {
			isa = PBXGroup;
			children = (
				0C822825285904F9001B8360 /* HistoryService.swift */,
			);
			path = Network;
			sourceTree = "<group>";
		};
		DABB48DD28582723002CEB7A /* Model */ = {
			isa = PBXGroup;
			children = (
				DABB48DE28582731002CEB7A /* History.swift */,
			);
			path = Model;
			sourceTree = "<group>";
		};
/* End PBXGroup section */

/* Begin PBXNativeTarget section */
		0C74003F28577B1C00A23649 /* ProjetoFilmes */ = {
			isa = PBXNativeTarget;
			buildConfigurationList = 0C74005428577B2300A23649 /* Build configuration list for PBXNativeTarget "ProjetoFilmes" */;
			buildPhases = (
				4964DF67E8A9E2C7D1E6196D /* [CP] Check Pods Manifest.lock */,
				0C74003C28577B1C00A23649 /* Sources */,
				0C74003D28577B1C00A23649 /* Frameworks */,
				0C74003E28577B1C00A23649 /* Resources */,
				9DF4FC5E0D4D716B1C76E5D7 /* [CP] Embed Pods Frameworks */,
			);
			buildRules = (
			);
			dependencies = (
			);
			name = ProjetoFilmes;
			productName = ProjetoFilmes;
			productReference = 0C74004028577B1C00A23649 /* ProjetoFilmes.app */;
			productType = "com.apple.product-type.application";
		};
/* End PBXNativeTarget section */

/* Begin PBXProject section */
		0C74003828577B1C00A23649 /* Project object */ = {
			isa = PBXProject;
			attributes = {
				LastSwiftUpdateCheck = 1250;
				LastUpgradeCheck = 1250;
				TargetAttributes = {
					0C74003F28577B1C00A23649 = {
						CreatedOnToolsVersion = 12.5;
					};
				};
			};
			buildConfigurationList = 0C74003B28577B1C00A23649 /* Build configuration list for PBXProject "ProjetoFilmes" */;
			compatibilityVersion = "Xcode 9.3";
			developmentRegion = en;
			hasScannedForEncodings = 0;
			knownRegions = (
				en,
				Base,
			);
			mainGroup = 0C74003728577B1C00A23649;
			productRefGroup = 0C74004128577B1C00A23649 /* Products */;
			projectDirPath = "";
			projectRoot = "";
			targets = (
				0C74003F28577B1C00A23649 /* ProjetoFilmes */,
			);
		};
/* End PBXProject section */

/* Begin PBXResourcesBuildPhase section */
		0C74003E28577B1C00A23649 /* Resources */ = {
			isa = PBXResourcesBuildPhase;
			buildActionMask = 2147483647;
			files = (
				DABB48D12857FE89002CEB7A /* HomeScreenTableViewCell.xib in Resources */,
				0C7400822857C29700A23649 /* FavoriteScreen.storyboard in Resources */,
				0C74005028577B2300A23649 /* LaunchScreen.storyboard in Resources */,
				0C74007D2857B50000A23649 /* SearchScreen.storyboard in Resources */,
				0C74006D2857B04400A23649 /* ForgotPasswordScreen.storyboard in Resources */,
				0C74006428579D4000A23649 /* RegisterScreen.storyboard in Resources */,
				0C7400772857B46600A23649 /* HomeScreen.storyboard in Resources */,
				0C74004D28577B2300A23649 /* Assets.xcassets in Resources */,
				0C74004B28577B1D00A23649 /* Main.storyboard in Resources */,
			);
			runOnlyForDeploymentPostprocessing = 0;
		};
/* End PBXResourcesBuildPhase section */

/* Begin PBXShellScriptBuildPhase section */
		4964DF67E8A9E2C7D1E6196D /* [CP] Check Pods Manifest.lock */ = {
			isa = PBXShellScriptBuildPhase;
			buildActionMask = 2147483647;
			files = (
			);
			inputFileListPaths = (
			);
			inputPaths = (
				"${PODS_PODFILE_DIR_PATH}/Podfile.lock",
				"${PODS_ROOT}/Manifest.lock",
			);
			name = "[CP] Check Pods Manifest.lock";
			outputFileListPaths = (
			);
			outputPaths = (
				"$(DERIVED_FILE_DIR)/Pods-ProjetoFilmes-checkManifestLockResult.txt",
			);
			runOnlyForDeploymentPostprocessing = 0;
			shellPath = /bin/sh;
			shellScript = "diff \"${PODS_PODFILE_DIR_PATH}/Podfile.lock\" \"${PODS_ROOT}/Manifest.lock\" > /dev/null\nif [ $? != 0 ] ; then\n    # print error to STDERR\n    echo \"error: The sandbox is not in sync with the Podfile.lock. Run 'pod install' or update your CocoaPods installation.\" >&2\n    exit 1\nfi\n# This output is used by Xcode 'outputs' to avoid re-running this script phase.\necho \"SUCCESS\" > \"${SCRIPT_OUTPUT_FILE_0}\"\n";
			showEnvVarsInLog = 0;
		};
		9DF4FC5E0D4D716B1C76E5D7 /* [CP] Embed Pods Frameworks */ = {
			isa = PBXShellScriptBuildPhase;
			buildActionMask = 2147483647;
			files = (
			);
			inputFileListPaths = (
				"${PODS_ROOT}/Target Support Files/Pods-ProjetoFilmes/Pods-ProjetoFilmes-frameworks-${CONFIGURATION}-input-files.xcfilelist",
			);
			name = "[CP] Embed Pods Frameworks";
			outputFileListPaths = (
				"${PODS_ROOT}/Target Support Files/Pods-ProjetoFilmes/Pods-ProjetoFilmes-frameworks-${CONFIGURATION}-output-files.xcfilelist",
			);
			runOnlyForDeploymentPostprocessing = 0;
			shellPath = /bin/sh;
			shellScript = "\"${PODS_ROOT}/Target Support Files/Pods-ProjetoFilmes/Pods-ProjetoFilmes-frameworks.sh\"\n";
			showEnvVarsInLog = 0;
		};
/* End PBXShellScriptBuildPhase section */

/* Begin PBXSourcesBuildPhase section */
		0C74003C28577B1C00A23649 /* Sources */ = {
			isa = PBXSourcesBuildPhase;
			buildActionMask = 2147483647;
			files = (
				DABB48D42857FFF5002CEB7A /* HomeScreenViewModel.swift in Sources */,
				0C74004828577B1C00A23649 /* ViewController.swift in Sources */,
				0C7400842857C8D400A23649 /* HomeScreenViewController.swift in Sources */,
				DABB48D02857FE89002CEB7A /* HomeScreenTableViewCell.swift in Sources */,
				DABB48D7285801AF002CEB7A /* Items.swift in Sources */,
				0C74006F2857B0F500A23649 /* ForgotPasswordViewController.swift in Sources */,
				DABB48DC28581D5D002CEB7A /* LaunchScreenViewController.swift in Sources */,
				0C822826285904F9001B8360 /* HistoryService.swift in Sources */,
				0C74004428577B1C00A23649 /* AppDelegate.swift in Sources */,
				DABB48DF28582731002CEB7A /* History.swift in Sources */,
				0C7400862857C91400A23649 /* CustomTabBar.swift in Sources */,
				0C74005B28577B5600A23649 /* ViewModel.swift in Sources */,
				0C74006828579E8600A23649 /* RegisterScreenViewController.swift in Sources */,
				0C74005E285790B000A23649 /* TextField.swift in Sources */,
				0C74004628577B1C00A23649 /* SceneDelegate.swift in Sources */,
			);
			runOnlyForDeploymentPostprocessing = 0;
		};
/* End PBXSourcesBuildPhase section */

/* Begin PBXVariantGroup section */
		0C74004928577B1D00A23649 /* Main.storyboard */ = {
			isa = PBXVariantGroup;
			children = (
				0C74004A28577B1D00A23649 /* Base */,
			);
			name = Main.storyboard;
			sourceTree = "<group>";
		};
		0C74004E28577B2300A23649 /* LaunchScreen.storyboard */ = {
			isa = PBXVariantGroup;
			children = (
				0C74004F28577B2300A23649 /* Base */,
			);
			name = LaunchScreen.storyboard;
			sourceTree = "<group>";
		};
/* End PBXVariantGroup section */

/* Begin XCBuildConfiguration section */
		0C74005228577B2300A23649 /* Debug */ = {
			isa = XCBuildConfiguration;
			buildSettings = {
				ALWAYS_SEARCH_USER_PATHS = NO;
				CLANG_ANALYZER_NONNULL = YES;
				CLANG_ANALYZER_NUMBER_OBJECT_CONVERSION = YES_AGGRESSIVE;
				CLANG_CXX_LANGUAGE_STANDARD = "gnu++14";
				CLANG_CXX_LIBRARY = "libc++";
				CLANG_ENABLE_MODULES = YES;
				CLANG_ENABLE_OBJC_ARC = YES;
				CLANG_ENABLE_OBJC_WEAK = YES;
				CLANG_WARN_BLOCK_CAPTURE_AUTORELEASING = YES;
				CLANG_WARN_BOOL_CONVERSION = YES;
				CLANG_WARN_COMMA = YES;
				CLANG_WARN_CONSTANT_CONVERSION = YES;
				CLANG_WARN_DEPRECATED_OBJC_IMPLEMENTATIONS = YES;
				CLANG_WARN_DIRECT_OBJC_ISA_USAGE = YES_ERROR;
				CLANG_WARN_DOCUMENTATION_COMMENTS = YES;
				CLANG_WARN_EMPTY_BODY = YES;
				CLANG_WARN_ENUM_CONVERSION = YES;
				CLANG_WARN_INFINITE_RECURSION = YES;
				CLANG_WARN_INT_CONVERSION = YES;
				CLANG_WARN_NON_LITERAL_NULL_CONVERSION = YES;
				CLANG_WARN_OBJC_IMPLICIT_RETAIN_SELF = YES;
				CLANG_WARN_OBJC_LITERAL_CONVERSION = YES;
				CLANG_WARN_OBJC_ROOT_CLASS = YES_ERROR;
				CLANG_WARN_QUOTED_INCLUDE_IN_FRAMEWORK_HEADER = YES;
				CLANG_WARN_RANGE_LOOP_ANALYSIS = YES;
				CLANG_WARN_STRICT_PROTOTYPES = YES;
				CLANG_WARN_SUSPICIOUS_MOVE = YES;
				CLANG_WARN_UNGUARDED_AVAILABILITY = YES_AGGRESSIVE;
				CLANG_WARN_UNREACHABLE_CODE = YES;
				CLANG_WARN__DUPLICATE_METHOD_MATCH = YES;
				COPY_PHASE_STRIP = NO;
				DEBUG_INFORMATION_FORMAT = dwarf;
				ENABLE_STRICT_OBJC_MSGSEND = YES;
				ENABLE_TESTABILITY = YES;
				GCC_C_LANGUAGE_STANDARD = gnu11;
				GCC_DYNAMIC_NO_PIC = NO;
				GCC_NO_COMMON_BLOCKS = YES;
				GCC_OPTIMIZATION_LEVEL = 0;
				GCC_PREPROCESSOR_DEFINITIONS = (
					"DEBUG=1",
					"$(inherited)",
				);
				GCC_WARN_64_TO_32_BIT_CONVERSION = YES;
				GCC_WARN_ABOUT_RETURN_TYPE = YES_ERROR;
				GCC_WARN_UNDECLARED_SELECTOR = YES;
				GCC_WARN_UNINITIALIZED_AUTOS = YES_AGGRESSIVE;
				GCC_WARN_UNUSED_FUNCTION = YES;
				GCC_WARN_UNUSED_VARIABLE = YES;
				IPHONEOS_DEPLOYMENT_TARGET = 14.5;
				MTL_ENABLE_DEBUG_INFO = INCLUDE_SOURCE;
				MTL_FAST_MATH = YES;
				ONLY_ACTIVE_ARCH = YES;
				SDKROOT = iphoneos;
				SWIFT_ACTIVE_COMPILATION_CONDITIONS = DEBUG;
				SWIFT_OPTIMIZATION_LEVEL = "-Onone";
			};
			name = Debug;
		};
		0C74005328577B2300A23649 /* Release */ = {
			isa = XCBuildConfiguration;
			buildSettings = {
				ALWAYS_SEARCH_USER_PATHS = NO;
				CLANG_ANALYZER_NONNULL = YES;
				CLANG_ANALYZER_NUMBER_OBJECT_CONVERSION = YES_AGGRESSIVE;
				CLANG_CXX_LANGUAGE_STANDARD = "gnu++14";
				CLANG_CXX_LIBRARY = "libc++";
				CLANG_ENABLE_MODULES = YES;
				CLANG_ENABLE_OBJC_ARC = YES;
				CLANG_ENABLE_OBJC_WEAK = YES;
				CLANG_WARN_BLOCK_CAPTURE_AUTORELEASING = YES;
				CLANG_WARN_BOOL_CONVERSION = YES;
				CLANG_WARN_COMMA = YES;
				CLANG_WARN_CONSTANT_CONVERSION = YES;
				CLANG_WARN_DEPRECATED_OBJC_IMPLEMENTATIONS = YES;
				CLANG_WARN_DIRECT_OBJC_ISA_USAGE = YES_ERROR;
				CLANG_WARN_DOCUMENTATION_COMMENTS = YES;
				CLANG_WARN_EMPTY_BODY = YES;
				CLANG_WARN_ENUM_CONVERSION = YES;
				CLANG_WARN_INFINITE_RECURSION = YES;
				CLANG_WARN_INT_CONVERSION = YES;
				CLANG_WARN_NON_LITERAL_NULL_CONVERSION = YES;
				CLANG_WARN_OBJC_IMPLICIT_RETAIN_SELF = YES;
				CLANG_WARN_OBJC_LITERAL_CONVERSION = YES;
				CLANG_WARN_OBJC_ROOT_CLASS = YES_ERROR;
				CLANG_WARN_QUOTED_INCLUDE_IN_FRAMEWORK_HEADER = YES;
				CLANG_WARN_RANGE_LOOP_ANALYSIS = YES;
				CLANG_WARN_STRICT_PROTOTYPES = YES;
				CLANG_WARN_SUSPICIOUS_MOVE = YES;
				CLANG_WARN_UNGUARDED_AVAILABILITY = YES_AGGRESSIVE;
				CLANG_WARN_UNREACHABLE_CODE = YES;
				CLANG_WARN__DUPLICATE_METHOD_MATCH = YES;
				COPY_PHASE_STRIP = NO;
				DEBUG_INFORMATION_FORMAT = "dwarf-with-dsym";
				ENABLE_NS_ASSERTIONS = NO;
				ENABLE_STRICT_OBJC_MSGSEND = YES;
				GCC_C_LANGUAGE_STANDARD = gnu11;
				GCC_NO_COMMON_BLOCKS = YES;
				GCC_WARN_64_TO_32_BIT_CONVERSION = YES;
				GCC_WARN_ABOUT_RETURN_TYPE = YES_ERROR;
				GCC_WARN_UNDECLARED_SELECTOR = YES;
				GCC_WARN_UNINITIALIZED_AUTOS = YES_AGGRESSIVE;
				GCC_WARN_UNUSED_FUNCTION = YES;
				GCC_WARN_UNUSED_VARIABLE = YES;
				IPHONEOS_DEPLOYMENT_TARGET = 14.5;
				MTL_ENABLE_DEBUG_INFO = NO;
				MTL_FAST_MATH = YES;
				SDKROOT = iphoneos;
				SWIFT_COMPILATION_MODE = wholemodule;
				SWIFT_OPTIMIZATION_LEVEL = "-O";
				VALIDATE_PRODUCT = YES;
			};
			name = Release;
		};
		0C74005528577B2300A23649 /* Debug */ = {
			isa = XCBuildConfiguration;
			baseConfigurationReference = 61895FC58AE9048A9D84045F /* Pods-ProjetoFilmes.debug.xcconfig */;
			buildSettings = {
				ASSETCATALOG_COMPILER_APPICON_NAME = AppIcon;
				ASSETCATALOG_COMPILER_GLOBAL_ACCENT_COLOR_NAME = AccentColor;
				CODE_SIGN_STYLE = Automatic;
				DEVELOPMENT_TEAM = LJGDKQ9K46;
				INFOPLIST_FILE = ProjetoFilmes/Info.plist;
				LD_RUNPATH_SEARCH_PATHS = (
					"$(inherited)",
					"@executable_path/Frameworks",
				);
				PRODUCT_BUNDLE_IDENTIFIER = com.BrendonSambatti.ProjetoFilmes;
				PRODUCT_NAME = "$(TARGET_NAME)";
				SWIFT_VERSION = 5.0;
				TARGETED_DEVICE_FAMILY = "1,2";
			};
			name = Debug;
		};
		0C74005628577B2300A23649 /* Release */ = {
			isa = XCBuildConfiguration;
			baseConfigurationReference = 683B34B39E8EA7BDF883DB41 /* Pods-ProjetoFilmes.release.xcconfig */;
			buildSettings = {
				ASSETCATALOG_COMPILER_APPICON_NAME = AppIcon;
				ASSETCATALOG_COMPILER_GLOBAL_ACCENT_COLOR_NAME = AccentColor;
				CODE_SIGN_STYLE = Automatic;
				DEVELOPMENT_TEAM = LJGDKQ9K46;
				INFOPLIST_FILE = ProjetoFilmes/Info.plist;
				LD_RUNPATH_SEARCH_PATHS = (
					"$(inherited)",
					"@executable_path/Frameworks",
				);
				PRODUCT_BUNDLE_IDENTIFIER = com.BrendonSambatti.ProjetoFilmes;
				PRODUCT_NAME = "$(TARGET_NAME)";
				SWIFT_VERSION = 5.0;
				TARGETED_DEVICE_FAMILY = "1,2";
			};
			name = Release;
		};
/* End XCBuildConfiguration section */

/* Begin XCConfigurationList section */
		0C74003B28577B1C00A23649 /* Build configuration list for PBXProject "ProjetoFilmes" */ = {
			isa = XCConfigurationList;
			buildConfigurations = (
				0C74005228577B2300A23649 /* Debug */,
				0C74005328577B2300A23649 /* Release */,
			);
			defaultConfigurationIsVisible = 0;
			defaultConfigurationName = Release;
		};
		0C74005428577B2300A23649 /* Build configuration list for PBXNativeTarget "ProjetoFilmes" */ = {
			isa = XCConfigurationList;
			buildConfigurations = (
				0C74005528577B2300A23649 /* Debug */,
				0C74005628577B2300A23649 /* Release */,
			);
			defaultConfigurationIsVisible = 0;
			defaultConfigurationName = Release;
		};
/* End XCConfigurationList section */
	};
	rootObject = 0C74003828577B1C00A23649 /* Project object */;
}
